uuid: c6807363-55d9-4ee9-b6cd-b8e2de8b3565
langcode: en
status: true
dependencies:
  config:
    - paragraphs.paragraphs_type.paragraph_video_bg_block
  module:
    - content_translation
third_party_settings:
  content_translation:
    enabled: true
    bundle_settings:
      untranslatable_fields_hide: '0'
id: paragraph.paragraph_video_bg_block
target_entity_type_id: paragraph
target_bundle: paragraph_video_bg_block
default_langcode: site_default
language_alterable: true
