uuid: d215dbc1-113b-4b85-a0c5-fd0162b835d2
langcode: en
status: true
dependencies:
  config:
    - paragraphs.paragraphs_type.paragraph_accordion_block
  module:
    - content_translation
third_party_settings:
  content_translation:
    enabled: true
    bundle_settings:
      untranslatable_fields_hide: '0'
id: paragraph.paragraph_accordion_block
target_entity_type_id: paragraph
target_bundle: paragraph_accordion_block
default_langcode: site_default
language_alterable: true
