uuid: 5d1e90d7-bfaa-4748-9802-7a23589338f1
langcode: en
status: true
dependencies:
  config:
    - paragraphs.paragraphs_type.paragraph_image_bg_block
  module:
    - content_translation
third_party_settings:
  content_translation:
    enabled: true
    bundle_settings:
      untranslatable_fields_hide: '0'
id: paragraph.paragraph_image_bg_block
target_entity_type_id: paragraph
target_bundle: paragraph_image_bg_block
default_langcode: site_default
language_alterable: true
